PODS:
  - AFNetworking (4.0.1):
    - AFNetworking/NSURLSession (= 4.0.1)
    - AFNetworking/Reachability (= 4.0.1)
    - AFNetworking/Security (= 4.0.1)
    - AFNetworking/Serialization (= 4.0.1)
    - AFNetworking/UIKit (= 4.0.1)
  - AFNetworking/NSURLSession (4.0.1):
    - AFNetworking/Reachability
    - AFNetworking/Security
    - AFNetworking/Serialization
  - AFNetworking/Reachability (4.0.1)
  - AFNetworking/Security (4.0.1)
  - AFNetworking/Serialization (4.0.1)
  - AFNetworking/UIKit (4.0.1):
    - AFNetworking/NSURLSession
  - CocoaAsyncSocket (7.6.5)
  - XXSocketReqeust (1.0.0):
    - AFNetworking (~> 4.0)
    - CocoaAsyncSocket (~> 7.6.5)

DEPENDENCIES:
  - XXSocketReqeust (from `../`)

SPEC REPOS:
  trunk:
    - AFNetworking
    - CocoaAsyncSocket

EXTERNAL SOURCES:
  XXSocketReqeust:
    :path: "../"

SPEC CHECKSUMS:
  AFNetworking: 7864c38297c79aaca1500c33288e429c3451fdce
  CocoaAsyncSocket: 065fd1e645c7abab64f7a6a2007a48038fdc6a99
  XXSocketReqeust: b33469a1ba1c9910c6d1c7e3f22f2891c1597c1d

PODFILE CHECKSUM: 7a5c547351b65c74707a8cbb91fea9640630e324

COCOAPODS: 1.11.2
